{
    "_readme": [
        "This file locks the dependencies of your project to a known state",
        "Read more about it at https://getcomposer.org/doc/01-basic-usage.md#composer-lock-the-lock-file",
        "This file is @generated automatically"
    ],
    "content-hash": "9f61d2de3b8a4c8c79fb20f82ac2299d",
    "packages": [
        {
            "name": "mdridzuan80/hrmisapi",
            "version": "V1.0.3",
            "source": {
                "type": "git",
                "url": "https://github.com/mdridzuan80/hrmisapi.git",
                "reference": "c46f34827a8fb8a543c3d6b9657cb80c3f61a43b"
            },
            "dist": {
                "type": "zip",
                "url": "https://api.github.com/repos/mdridzuan80/hrmisapi/zipball/c46f34827a8fb8a543c3d6b9657cb80c3f61a43b",
                "reference": "c46f34827a8fb8a543c3d6b9657cb80c3f61a43b",
                "shasum": ""
            },
            "require": {
                "php": ">=5.3"
            },
            "require-dev": {
                "phpunit/phpunit": "5.2.*"
            },
            "type": "library",
            "autoload": {
                "psr-4": {
                    "Hrmisapi\\": "src/"
                }
            },
            "notification-url": "https://packagist.org/downloads/",
            "license": [
                "MIT"
            ],
            "authors": [
                {
                    "name": "Md Ridzuan bin Mohammad Latiah",
                    "email": "md.ridzuan80@gmail.com"
                }
            ],
            "description": "Library for consume webservice api with wss",
            "keywords": [
                "hrmis"
            ],
            "time": "2017-03-01T04:46:07+00:00"
        }
    ],
    "packages-dev": [],
    "aliases": [],
    "minimum-stability": "stable",
    "stability-flags": [],
    "prefer-stable": false,
    "prefer-lowest": false,
    "platform": [],
    "platform-dev": []
}
